
Microsoft Visual Studio Solution File, Format Version 12.00
# Visual Studio Version 16
VisualStudioVersion = 16.0.31019.35
MinimumVisualStudioVersion = 10.0.40219.1
Project("{FAE04EC0-301F-11D3-BF4B-00C04F79EFBC}") = "UserRegistration", "UserRegistration\UserRegistration.csproj", "{6FB22D9F-BA0C-418F-8886-3243A0DF9745}"
EndProject
Project("{FAE04EC0-301F-11D3-BF4B-00C04F79EFBC}") = "UserRegistrationTest", "UserRegistrationTest\UserRegistrationTest.csproj", "{ECC1251E-DC72-4E49-BD53-E269E91D22DB}"
EndProject
Global
	GlobalSection(SolutionConfigurationPlatforms) = preSolution
		Debug|Any CPU = Debug|Any CPU
		Release|Any CPU = Release|Any CPU
	EndGlobalSection
	GlobalSection(ProjectConfigurationPlatforms) = postSolution
		{6FB22D9F-BA0C-418F-8886-3243A0DF9745}.Debug|Any CPU.ActiveCfg = Debug|Any CPU
		{6FB22D9F-BA0C-418F-8886-3243A0DF9745}.Debug|Any CPU.Build.0 = Debug|Any CPU
		{6FB22D9F-BA0C-418F-8886-3243A0DF9745}.Release|Any CPU.ActiveCfg = Release|Any CPU
		{6FB22D9F-BA0C-418F-8886-3243A0DF9745}.Release|Any CPU.Build.0 = Release|Any CPU
		{ECC1251E-DC72-4E49-BD53-E269E91D22DB}.Debug|Any CPU.ActiveCfg = Debug|Any CPU
		{ECC1251E-DC72-4E49-BD53-E269E91D22DB}.Debug|Any CPU.Build.0 = Debug|Any CPU
		{ECC1251E-DC72-4E49-BD53-E269E91D22DB}.Release|Any CPU.ActiveCfg = Release|Any CPU
		{ECC1251E-DC72-4E49-BD53-E269E91D22DB}.Release|Any CPU.Build.0 = Release|Any CPU
	EndGlobalSection
	GlobalSection(SolutionProperties) = preSolution
		HideSolutionNode = FALSE
	EndGlobalSection
	GlobalSection(ExtensibilityGlobals) = postSolution
		SolutionGuid = {630C4870-B2F3-42BC-BAF1-8451BC033138}
	EndGlobalSection
EndGlobal
